dependencies:
  espressif/esp_tinyusb:
    dependencies: []
    source:
      path: /workspaces/Flipper-Zero-ESP32-Port/components/espressif__esp_tinyusb
      type: local
    version: 1.7.6~2
  espressif/led_strip:
    component_hash: 28621486f77229aaf81c71f5e15d6fbf36c2949cf11094e07090593e659e7639
    dependencies:
    - name: idf
      require: private
      version: '>=5.0'
    source:
      registry_url: https://components.espressif.com/
      type: service
    version: 3.0.3
  espressif/tinyusb:
    component_hash: a72b7d67472914ab76309340fd50d578b31e310963d45ad0f81144bde3314752
    dependencies:
    - name: idf
      require: private
      version: '>=5.0'
    source:
      registry_url: https://components.espressif.com/
      type: service
    targets:
    - esp32s2
    - esp32s3
    - esp32p4
    - esp32h4
    - esp32s31
    version: 0.21.0~1
  idf:
    source:
      type: idf
    version: 5.4.1
direct_dependencies:
- espressif/esp_tinyusb
- espressif/led_strip
- espressif/tinyusb
- idf
manifest_hash: 9bc8509babc76f635c525cb78167775b5a51f4c18842681a325566258c44613f
target: esp32s3
version: 2.0.0
